
Microsoft Visual Studio Solution File, Format Version 12.00
Project("{FAE04EC0-301F-11D3-BF4B-00C04F79EFBC}") = "AEXMovies", "AEXMovies/AEXMovies.csproj", "{AB0701A2-060E-492B-BE3B-46B5AC02DBAD}"
EndProject
Project("{FAE04EC0-301F-11D3-BF4B-00C04F79EFBC}") = "AEXMovies.Tests", "AEXMovies.Tests\AEXMovies.Tests.csproj", "{B7E9744E-3393-4EB7-80D2-F5DEFA333530}"
EndProject
Global
	GlobalSection(SolutionConfigurationPlatforms) = preSolution
		Debug|Any CPU = Debug|Any CPU
		Release|Any CPU = Release|Any CPU
	EndGlobalSection
	GlobalSection(ProjectConfigurationPlatforms) = postSolution
		{AB0701A2-060E-492B-BE3B-46B5AC02DBAD}.Debug|Any CPU.ActiveCfg = Debug|Any CPU
		{AB0701A2-060E-492B-BE3B-46B5AC02DBAD}.Debug|Any CPU.Build.0 = Debug|Any CPU
		{AB0701A2-060E-492B-BE3B-46B5AC02DBAD}.Release|Any CPU.ActiveCfg = Release|Any CPU
		{AB0701A2-060E-492B-BE3B-46B5AC02DBAD}.Release|Any CPU.Build.0 = Release|Any CPU
		{B7E9744E-3393-4EB7-80D2-F5DEFA333530}.Debug|Any CPU.ActiveCfg = Debug|Any CPU
		{B7E9744E-3393-4EB7-80D2-F5DEFA333530}.Debug|Any CPU.Build.0 = Debug|Any CPU
		{B7E9744E-3393-4EB7-80D2-F5DEFA333530}.Release|Any CPU.ActiveCfg = Release|Any CPU
		{B7E9744E-3393-4EB7-80D2-F5DEFA333530}.Release|Any CPU.Build.0 = Release|Any CPU
	EndGlobalSection
EndGlobal
